
Microsoft Visual Studio Solution File, Format Version 12.00
# Visual Studio Version 17
VisualStudioVersion = 17.0.32014.148
MinimumVisualStudioVersion = 10.0.40219.1
Project("{9A19103F-16F7-4668-BE54-9A1E7A4F7556}") = "oop_asu", "oop_asu.csproj", "{ACE7CA32-7574-4D15-B21B-98CDA99FD7F9}"
EndProject
Project("{9A19103F-16F7-4668-BE54-9A1E7A4F7556}") = "LR_2", "..\LR2_19\LR_2.csproj", "{3D45A525-4ED6-42E7-8BDB-07BC4A187DA6}"
EndProject
Project("{FAE04EC0-301F-11D3-BF4B-00C04F79EFBC}") = "LR_1", "..\LR_1\LR_1.csproj", "{934B9A82-2ABE-4BC3-9F2C-5E86819C3F13}"
EndProject
Global
	GlobalSection(SolutionConfigurationPlatforms) = preSolution
		Debug|Any CPU = Debug|Any CPU
		Release|Any CPU = Release|Any CPU
	EndGlobalSection
	GlobalSection(ProjectConfigurationPlatforms) = postSolution
		{ACE7CA32-7574-4D15-B21B-98CDA99FD7F9}.Debug|Any CPU.ActiveCfg = Debug|Any CPU
		{ACE7CA32-7574-4D15-B21B-98CDA99FD7F9}.Debug|Any CPU.Build.0 = Debug|Any CPU
		{ACE7CA32-7574-4D15-B21B-98CDA99FD7F9}.Release|Any CPU.ActiveCfg = Release|Any CPU
		{ACE7CA32-7574-4D15-B21B-98CDA99FD7F9}.Release|Any CPU.Build.0 = Release|Any CPU
		{3D45A525-4ED6-42E7-8BDB-07BC4A187DA6}.Debug|Any CPU.ActiveCfg = Debug|Any CPU
		{3D45A525-4ED6-42E7-8BDB-07BC4A187DA6}.Debug|Any CPU.Build.0 = Debug|Any CPU
		{3D45A525-4ED6-42E7-8BDB-07BC4A187DA6}.Release|Any CPU.ActiveCfg = Release|Any CPU
		{3D45A525-4ED6-42E7-8BDB-07BC4A187DA6}.Release|Any CPU.Build.0 = Release|Any CPU
		{934B9A82-2ABE-4BC3-9F2C-5E86819C3F13}.Debug|Any CPU.ActiveCfg = Debug|Any CPU
		{934B9A82-2ABE-4BC3-9F2C-5E86819C3F13}.Debug|Any CPU.Build.0 = Debug|Any CPU
		{934B9A82-2ABE-4BC3-9F2C-5E86819C3F13}.Release|Any CPU.ActiveCfg = Release|Any CPU
		{934B9A82-2ABE-4BC3-9F2C-5E86819C3F13}.Release|Any CPU.Build.0 = Release|Any CPU
	EndGlobalSection
	GlobalSection(SolutionProperties) = preSolution
		HideSolutionNode = FALSE
	EndGlobalSection
	GlobalSection(ExtensibilityGlobals) = postSolution
		SolutionGuid = {1EEC0CEF-A9ED-47C3-8796-9287AE28A16A}
	EndGlobalSection
EndGlobal
